// !$*UTF8*$!
{
	archiveVersion = 1;
	classes = {
	};
	objectVersion = 56;
	objects = {

/* Begin PBXBuildFile section */
		CB665A4C2A6720FB00D9623D /* StocksWithWidgetApp.swift in Sources */ = {isa = PBXBuildFile; fileRef = CB665A4B2A6720FB00D9623D /* StocksWithWidgetApp.swift */; };
		CB665A4E2A6720FB00D9623D /* ContentView.swift in Sources */ = {isa = PBXBuildFile; fileRef = CB665A4D2A6720FB00D9623D /* ContentView.swift */; };
		CB665A502A6720FC00D9623D /* Assets.xcassets in Resources */ = {isa = PBXBuildFile; fileRef = CB665A4F2A6720FC00D9623D /* Assets.xcassets */; };
		CB665A532A6720FC00D9623D /* Preview Assets.xcassets in Resources */ = {isa = PBXBuildFile; fileRef = CB665A522A6720FC00D9623D /* Preview Assets.xcassets */; };
		CB665A5D2A6720FC00D9623D /* StocksWithWidgetTests.swift in Sources */ = {isa = PBXBuildFile; fileRef = CB665A5C2A6720FC00D9623D /* StocksWithWidgetTests.swift */; };
		CB665A672A6720FC00D9623D /* StocksWithWidgetUITests.swift in Sources */ = {isa = PBXBuildFile; fileRef = CB665A662A6720FC00D9623D /* StocksWithWidgetUITests.swift */; };
		CB665A692A6720FC00D9623D /* StocksWithWidgetUITestsLaunchTests.swift in Sources */ = {isa = PBXBuildFile; fileRef = CB665A682A6720FC00D9623D /* StocksWithWidgetUITestsLaunchTests.swift */; };
		CB74801F2A6723CA0025DEBE /* WidgetKit.framework in Frameworks */ = {isa = PBXBuildFile; fileRef = CB74801E2A6723CA0025DEBE /* WidgetKit.framework */; };
		CB7480212A6723CA0025DEBE /* SwiftUI.framework in Frameworks */ = {isa = PBXBuildFile; fileRef = CB7480202A6723CA0025DEBE /* SwiftUI.framework */; };
		CB7480242A6723CA0025DEBE /* StocksWidgetBundle.swift in Sources */ = {isa = PBXBuildFile; fileRef = CB7480232A6723CA0025DEBE /* StocksWidgetBundle.swift */; };
		CB7480262A6723CA0025DEBE /* StocksWidget.swift in Sources */ = {isa = PBXBuildFile; fileRef = CB7480252A6723CA0025DEBE /* StocksWidget.swift */; };
		CB7480282A6723CA0025DEBE /* AppIntent.swift in Sources */ = {isa = PBXBuildFile; fileRef = CB7480272A6723CA0025DEBE /* AppIntent.swift */; };
		CB74802A2A6723CA0025DEBE /* Assets.xcassets in Resources */ = {isa = PBXBuildFile; fileRef = CB7480292A6723CA0025DEBE /* Assets.xcassets */; };
		CB74802E2A6723CA0025DEBE /* StocksWidgetExtension.appex in Embed Foundation Extensions */ = {isa = PBXBuildFile; fileRef = CB74801C2A6723CA0025DEBE /* StocksWidgetExtension.appex */; settings = {ATTRIBUTES = (RemoveHeadersOnCopy, ); }; };
		CB7480342A6725D00025DEBE /* TimelineProvider.swift in Sources */ = {isa = PBXBuildFile; fileRef = CB7480332A6725D00025DEBE /* TimelineProvider.swift */; };
		CB7480362A67265F0025DEBE /* TimelineEntry.swift in Sources */ = {isa = PBXBuildFile; fileRef = CB7480352A67265F0025DEBE /* TimelineEntry.swift */; };
		CB7480382A6726850025DEBE /* StockWidgetView.swift in Sources */ = {isa = PBXBuildFile; fileRef = CB7480372A6726850025DEBE /* StockWidgetView.swift */; };
		CB74803A2A672A140025DEBE /* Chart.swift in Sources */ = {isa = PBXBuildFile; fileRef = CB7480392A672A140025DEBE /* Chart.swift */; };
		CB74803B2A672A140025DEBE /* Chart.swift in Sources */ = {isa = PBXBuildFile; fileRef = CB7480392A672A140025DEBE /* Chart.swift */; };
		CB74803D2A67B0A30025DEBE /* StockMetadata.swift in Sources */ = {isa = PBXBuildFile; fileRef = CB74803C2A67B0A30025DEBE /* StockMetadata.swift */; };
		CB74803E2A67B0A30025DEBE /* StockMetadata.swift in Sources */ = {isa = PBXBuildFile; fileRef = CB74803C2A67B0A30025DEBE /* StockMetadata.swift */; };
		CB7480412A67B6620025DEBE /* StockData.swift in Sources */ = {isa = PBXBuildFile; fileRef = CB7480402A67B6620025DEBE /* StockData.swift */; };
		CB7480422A67B6620025DEBE /* StockData.swift in Sources */ = {isa = PBXBuildFile; fileRef = CB7480402A67B6620025DEBE /* StockData.swift */; };
		CB7480442A67B67E0025DEBE /* StockTimelineValuesData.swift in Sources */ = {isa = PBXBuildFile; fileRef = CB7480432A67B67E0025DEBE /* StockTimelineValuesData.swift */; };
		CB7480452A67B67E0025DEBE /* StockTimelineValuesData.swift in Sources */ = {isa = PBXBuildFile; fileRef = CB7480432A67B67E0025DEBE /* StockTimelineValuesData.swift */; };
/* End PBXBuildFile section */

/* Begin PBXContainerItemProxy section */
		CB665A592A6720FC00D9623D /* PBXContainerItemProxy */ = {
			isa = PBXContainerItemProxy;
			containerPortal = CB665A402A6720FB00D9623D /* Project object */;
			proxyType = 1;
			remoteGlobalIDString = CB665A472A6720FB00D9623D;
			remoteInfo = StocksWithWidget;
		};
		CB665A632A6720FC00D9623D /* PBXContainerItemProxy */ = {
			isa = PBXContainerItemProxy;
			containerPortal = CB665A402A6720FB00D9623D /* Project object */;
			proxyType = 1;
			remoteGlobalIDString = CB665A472A6720FB00D9623D;
			remoteInfo = StocksWithWidget;
		};
		CB74802C2A6723CA0025DEBE /* PBXContainerItemProxy */ = {
			isa = PBXContainerItemProxy;
			containerPortal = CB665A402A6720FB00D9623D /* Project object */;
			proxyType = 1;
			remoteGlobalIDString = CB74801B2A6723CA0025DEBE;
			remoteInfo = StocksWidgetExtension;
		};
/* End PBXContainerItemProxy section */

/* Begin PBXCopyFilesBuildPhase section */
		CB74802F2A6723CA0025DEBE /* Embed Foundation Extensions */ = {
			isa = PBXCopyFilesBuildPhase;
			buildActionMask = 2147483647;
			dstPath = "";
			dstSubfolderSpec = 13;
			files = (
				CB74802E2A6723CA0025DEBE /* StocksWidgetExtension.appex in Embed Foundation Extensions */,
			);
			name = "Embed Foundation Extensions";
			runOnlyForDeploymentPostprocessing = 0;
		};
/* End PBXCopyFilesBuildPhase section */

/* Begin PBXFileReference section */
		CB665A482A6720FB00D9623D /* StocksWithWidget.app */ = {isa = PBXFileReference; explicitFileType = wrapper.application; includeInIndex = 0; path = StocksWithWidget.app; sourceTree = BUILT_PRODUCTS_DIR; };
		CB665A4B2A6720FB00D9623D /* StocksWithWidgetApp.swift */ = {isa = PBXFileReference; lastKnownFileType = sourcecode.swift; path = StocksWithWidgetApp.swift; sourceTree = "<group>"; };
		CB665A4D2A6720FB00D9623D /* ContentView.swift */ = {isa = PBXFileReference; lastKnownFileType = sourcecode.swift; path = ContentView.swift; sourceTree = "<group>"; };
		CB665A4F2A6720FC00D9623D /* Assets.xcassets */ = {isa = PBXFileReference; lastKnownFileType = folder.assetcatalog; path = Assets.xcassets; sourceTree = "<group>"; };
		CB665A522A6720FC00D9623D /* Preview Assets.xcassets */ = {isa = PBXFileReference; lastKnownFileType = folder.assetcatalog; path = "Preview Assets.xcassets"; sourceTree = "<group>"; };
		CB665A582A6720FC00D9623D /* StocksWithWidgetTests.xctest */ = {isa = PBXFileReference; explicitFileType = wrapper.cfbundle; includeInIndex = 0; path = StocksWithWidgetTests.xctest; sourceTree = BUILT_PRODUCTS_DIR; };
		CB665A5C2A6720FC00D9623D /* StocksWithWidgetTests.swift */ = {isa = PBXFileReference; lastKnownFileType = sourcecode.swift; path = StocksWithWidgetTests.swift; sourceTree = "<group>"; };
		CB665A622A6720FC00D9623D /* StocksWithWidgetUITests.xctest */ = {isa = PBXFileReference; explicitFileType = wrapper.cfbundle; includeInIndex = 0; path = StocksWithWidgetUITests.xctest; sourceTree = BUILT_PRODUCTS_DIR; };
		CB665A662A6720FC00D9623D /* StocksWithWidgetUITests.swift */ = {isa = PBXFileReference; lastKnownFileType = sourcecode.swift; path = StocksWithWidgetUITests.swift; sourceTree = "<group>"; };
		CB665A682A6720FC00D9623D /* StocksWithWidgetUITestsLaunchTests.swift */ = {isa = PBXFileReference; lastKnownFileType = sourcecode.swift; path = StocksWithWidgetUITestsLaunchTests.swift; sourceTree = "<group>"; };
		CB74801C2A6723CA0025DEBE /* StocksWidgetExtension.appex */ = {isa = PBXFileReference; explicitFileType = "wrapper.app-extension"; includeInIndex = 0; path = StocksWidgetExtension.appex; sourceTree = BUILT_PRODUCTS_DIR; };
		CB74801E2A6723CA0025DEBE /* WidgetKit.framework */ = {isa = PBXFileReference; lastKnownFileType = wrapper.framework; name = WidgetKit.framework; path = System/Library/Frameworks/WidgetKit.framework; sourceTree = SDKROOT; };
		CB7480202A6723CA0025DEBE /* SwiftUI.framework */ = {isa = PBXFileReference; lastKnownFileType = wrapper.framework; name = SwiftUI.framework; path = System/Library/Frameworks/SwiftUI.framework; sourceTree = SDKROOT; };
		CB7480232A6723CA0025DEBE /* StocksWidgetBundle.swift */ = {isa = PBXFileReference; lastKnownFileType = sourcecode.swift; path = StocksWidgetBundle.swift; sourceTree = "<group>"; };
		CB7480252A6723CA0025DEBE /* StocksWidget.swift */ = {isa = PBXFileReference; lastKnownFileType = sourcecode.swift; path = StocksWidget.swift; sourceTree = "<group>"; };
		CB7480272A6723CA0025DEBE /* AppIntent.swift */ = {isa = PBXFileReference; lastKnownFileType = sourcecode.swift; path = AppIntent.swift; sourceTree = "<group>"; };
		CB7480292A6723CA0025DEBE /* Assets.xcassets */ = {isa = PBXFileReference; lastKnownFileType = folder.assetcatalog; path = Assets.xcassets; sourceTree = "<group>"; };
		CB74802B2A6723CA0025DEBE /* Info.plist */ = {isa = PBXFileReference; lastKnownFileType = text.plist.xml; path = Info.plist; sourceTree = "<group>"; };
		CB7480332A6725D00025DEBE /* TimelineProvider.swift */ = {isa = PBXFileReference; lastKnownFileType = sourcecode.swift; path = TimelineProvider.swift; sourceTree = "<group>"; };
		CB7480352A67265F0025DEBE /* TimelineEntry.swift */ = {isa = PBXFileReference; lastKnownFileType = sourcecode.swift; path = TimelineEntry.swift; sourceTree = "<group>"; };
		CB7480372A6726850025DEBE /* StockWidgetView.swift */ = {isa = PBXFileReference; lastKnownFileType = sourcecode.swift; path = StockWidgetView.swift; sourceTree = "<group>"; };
		CB7480392A672A140025DEBE /* Chart.swift */ = {isa = PBXFileReference; lastKnownFileType = sourcecode.swift; path = Chart.swift; sourceTree = "<group>"; };
		CB74803C2A67B0A30025DEBE /* StockMetadata.swift */ = {isa = PBXFileReference; lastKnownFileType = sourcecode.swift; path = StockMetadata.swift; sourceTree = "<group>"; };
		CB7480402A67B6620025DEBE /* StockData.swift */ = {isa = PBXFileReference; lastKnownFileType = sourcecode.swift; path = StockData.swift; sourceTree = "<group>"; };
		CB7480432A67B67E0025DEBE /* StockTimelineValuesData.swift */ = {isa = PBXFileReference; lastKnownFileType = sourcecode.swift; path = StockTimelineValuesData.swift; sourceTree = "<group>"; };
/* End PBXFileReference section */

/* Begin PBXFrameworksBuildPhase section */
		CB665A452A6720FB00D9623D /* Frameworks */ = {
			isa = PBXFrameworksBuildPhase;
			buildActionMask = 2147483647;
			files = (
			);
			runOnlyForDeploymentPostprocessing = 0;
		};
		CB665A552A6720FC00D9623D /* Frameworks */ = {
			isa = PBXFrameworksBuildPhase;
			buildActionMask = 2147483647;
			files = (
			);
			runOnlyForDeploymentPostprocessing = 0;
		};
		CB665A5F2A6720FC00D9623D /* Frameworks */ = {
			isa = PBXFrameworksBuildPhase;
			buildActionMask = 2147483647;
			files = (
			);
			runOnlyForDeploymentPostprocessing = 0;
		};
		CB7480192A6723CA0025DEBE /* Frameworks */ = {
			isa = PBXFrameworksBuildPhase;
			buildActionMask = 2147483647;
			files = (
				CB7480212A6723CA0025DEBE /* SwiftUI.framework in Frameworks */,
				CB74801F2A6723CA0025DEBE /* WidgetKit.framework in Frameworks */,
			);
			runOnlyForDeploymentPostprocessing = 0;
		};
/* End PBXFrameworksBuildPhase section */

/* Begin PBXGroup section */
		CB665A3F2A6720FB00D9623D = {
			isa = PBXGroup;
			children = (
				CB665A4A2A6720FB00D9623D /* StocksWithWidget */,
				CB665A5B2A6720FC00D9623D /* StocksWithWidgetTests */,
				CB665A652A6720FC00D9623D /* StocksWithWidgetUITests */,
				CB7480222A6723CA0025DEBE /* StocksWidget */,
				CB74801D2A6723CA0025DEBE /* Frameworks */,
				CB665A492A6720FB00D9623D /* Products */,
			);
			sourceTree = "<group>";
		};
		CB665A492A6720FB00D9623D /* Products */ = {
			isa = PBXGroup;
			children = (
				CB665A482A6720FB00D9623D /* StocksWithWidget.app */,
				CB665A582A6720FC00D9623D /* StocksWithWidgetTests.xctest */,
				CB665A622A6720FC00D9623D /* StocksWithWidgetUITests.xctest */,
				CB74801C2A6723CA0025DEBE /* StocksWidgetExtension.appex */,
			);
			name = Products;
			sourceTree = "<group>";
		};
		CB665A4A2A6720FB00D9623D /* StocksWithWidget */ = {
			isa = PBXGroup;
			children = (
				CB665A4B2A6720FB00D9623D /* StocksWithWidgetApp.swift */,
				CB665A4D2A6720FB00D9623D /* ContentView.swift */,
				CB7480392A672A140025DEBE /* Chart.swift */,
				CB74803F2A67B6590025DEBE /* Models */,
				CB665A4F2A6720FC00D9623D /* Assets.xcassets */,
				CB665A512A6720FC00D9623D /* Preview Content */,
			);
			path = StocksWithWidget;
			sourceTree = "<group>";
		};
		CB665A512A6720FC00D9623D /* Preview Content */ = {
			isa = PBXGroup;
			children = (
				CB665A522A6720FC00D9623D /* Preview Assets.xcassets */,
			);
			path = "Preview Content";
			sourceTree = "<group>";
		};
		CB665A5B2A6720FC00D9623D /* StocksWithWidgetTests */ = {
			isa = PBXGroup;
			children = (
				CB665A5C2A6720FC00D9623D /* StocksWithWidgetTests.swift */,
			);
			path = StocksWithWidgetTests;
			sourceTree = "<group>";
		};
		CB665A652A6720FC00D9623D /* StocksWithWidgetUITests */ = {
			isa = PBXGroup;
			children = (
				CB665A662A6720FC00D9623D /* StocksWithWidgetUITests.swift */,
				CB665A682A6720FC00D9623D /* StocksWithWidgetUITestsLaunchTests.swift */,
			);
			path = StocksWithWidgetUITests;
			sourceTree = "<group>";
		};
		CB74801D2A6723CA0025DEBE /* Frameworks */ = {
			isa = PBXGroup;
			children = (
				CB74801E2A6723CA0025DEBE /* WidgetKit.framework */,
				CB7480202A6723CA0025DEBE /* SwiftUI.framework */,
			);
			name = Frameworks;
			sourceTree = "<group>";
		};
		CB7480222A6723CA0025DEBE /* StocksWidget */ = {
			isa = PBXGroup;
			children = (
				CB7480232A6723CA0025DEBE /* StocksWidgetBundle.swift */,
				CB7480252A6723CA0025DEBE /* StocksWidget.swift */,
				CB7480272A6723CA0025DEBE /* AppIntent.swift */,
				CB7480332A6725D00025DEBE /* TimelineProvider.swift */,
				CB7480352A67265F0025DEBE /* TimelineEntry.swift */,
				CB7480372A6726850025DEBE /* StockWidgetView.swift */,
				CB7480292A6723CA0025DEBE /* Assets.xcassets */,
				CB74802B2A6723CA0025DEBE /* Info.plist */,
			);
			path = StocksWidget;
			sourceTree = "<group>";
		};
		CB74803F2A67B6590025DEBE /* Models */ = {
			isa = PBXGroup;
			children = (
				CB7480402A67B6620025DEBE /* StockData.swift */,
				CB74803C2A67B0A30025DEBE /* StockMetadata.swift */,
				CB7480432A67B67E0025DEBE /* StockTimelineValuesData.swift */,
			);
			path = Models;
			sourceTree = "<group>";
		};
/* End PBXGroup section */

/* Begin PBXNativeTarget section */
		CB665A472A6720FB00D9623D /* StocksWithWidget */ = {
			isa = PBXNativeTarget;
			buildConfigurationList = CB665A6C2A6720FC00D9623D /* Build configuration list for PBXNativeTarget "StocksWithWidget" */;
			buildPhases = (
				CB665A442A6720FB00D9623D /* Sources */,
				CB665A452A6720FB00D9623D /* Frameworks */,
				CB665A462A6720FB00D9623D /* Resources */,
				CB74802F2A6723CA0025DEBE /* Embed Foundation Extensions */,
			);
			buildRules = (
			);
			dependencies = (
				CB74802D2A6723CA0025DEBE /* PBXTargetDependency */,
			);
			name = StocksWithWidget;
			productName = StocksWithWidget;
			productReference = CB665A482A6720FB00D9623D /* StocksWithWidget.app */;
			productType = "com.apple.product-type.application";
		};
		CB665A572A6720FC00D9623D /* StocksWithWidgetTests */ = {
			isa = PBXNativeTarget;
			buildConfigurationList = CB665A6F2A6720FC00D9623D /* Build configuration list for PBXNativeTarget "StocksWithWidgetTests" */;
			buildPhases = (
				CB665A542A6720FC00D9623D /* Sources */,
				CB665A552A6720FC00D9623D /* Frameworks */,
				CB665A562A6720FC00D9623D /* Resources */,
			);
			buildRules = (
			);
			dependencies = (
				CB665A5A2A6720FC00D9623D /* PBXTargetDependency */,
			);
			name = StocksWithWidgetTests;
			productName = StocksWithWidgetTests;
			productReference = CB665A582A6720FC00D9623D /* StocksWithWidgetTests.xctest */;
			productType = "com.apple.product-type.bundle.unit-test";
		};
		CB665A612A6720FC00D9623D /* StocksWithWidgetUITests */ = {
			isa = PBXNativeTarget;
			buildConfigurationList = CB665A722A6720FC00D9623D /* Build configuration list for PBXNativeTarget "StocksWithWidgetUITests" */;
			buildPhases = (
				CB665A5E2A6720FC00D9623D /* Sources */,
				CB665A5F2A6720FC00D9623D /* Frameworks */,
				CB665A602A6720FC00D9623D /* Resources */,
			);
			buildRules = (
			);
			dependencies = (
				CB665A642A6720FC00D9623D /* PBXTargetDependency */,
			);
			name = StocksWithWidgetUITests;
			productName = StocksWithWidgetUITests;
			productReference = CB665A622A6720FC00D9623D /* StocksWithWidgetUITests.xctest */;
			productType = "com.apple.product-type.bundle.ui-testing";
		};
		CB74801B2A6723CA0025DEBE /* StocksWidgetExtension */ = {
			isa = PBXNativeTarget;
			buildConfigurationList = CB7480322A6723CA0025DEBE /* Build configuration list for PBXNativeTarget "StocksWidgetExtension" */;
			buildPhases = (
				CB7480182A6723CA0025DEBE /* Sources */,
				CB7480192A6723CA0025DEBE /* Frameworks */,
				CB74801A2A6723CA0025DEBE /* Resources */,
			);
			buildRules = (
			);
			dependencies = (
			);
			name = StocksWidgetExtension;
			productName = StocksWidgetExtension;
			productReference = CB74801C2A6723CA0025DEBE /* StocksWidgetExtension.appex */;
			productType = "com.apple.product-type.app-extension";
		};
/* End PBXNativeTarget section */

/* Begin PBXProject section */
		CB665A402A6720FB00D9623D /* Project object */ = {
			isa = PBXProject;
			attributes = {
				BuildIndependentTargetsInParallel = 1;
				LastSwiftUpdateCheck = 1500;
				LastUpgradeCheck = 1500;
				TargetAttributes = {
					CB665A472A6720FB00D9623D = {
						CreatedOnToolsVersion = 15.0;
					};
					CB665A572A6720FC00D9623D = {
						CreatedOnToolsVersion = 15.0;
						TestTargetID = CB665A472A6720FB00D9623D;
					};
					CB665A612A6720FC00D9623D = {
						CreatedOnToolsVersion = 15.0;
						TestTargetID = CB665A472A6720FB00D9623D;
					};
					CB74801B2A6723CA0025DEBE = {
						CreatedOnToolsVersion = 15.0;
					};
				};
			};
			buildConfigurationList = CB665A432A6720FB00D9623D /* Build configuration list for PBXProject "StocksWithWidget" */;
			compatibilityVersion = "Xcode 14.0";
			developmentRegion = en;
			hasScannedForEncodings = 0;
			knownRegions = (
				en,
				Base,
			);
			mainGroup = CB665A3F2A6720FB00D9623D;
			productRefGroup = CB665A492A6720FB00D9623D /* Products */;
			projectDirPath = "";
			projectRoot = "";
			targets = (
				CB665A472A6720FB00D9623D /* StocksWithWidget */,
				CB665A572A6720FC00D9623D /* StocksWithWidgetTests */,
				CB665A612A6720FC00D9623D /* StocksWithWidgetUITests */,
				CB74801B2A6723CA0025DEBE /* StocksWidgetExtension */,
			);
		};
/* End PBXProject section */

/* Begin PBXResourcesBuildPhase section */
		CB665A462A6720FB00D9623D /* Resources */ = {
			isa = PBXResourcesBuildPhase;
			buildActionMask = 2147483647;
			files = (
				CB665A532A6720FC00D9623D /* Preview Assets.xcassets in Resources */,
				CB665A502A6720FC00D9623D /* Assets.xcassets in Resources */,
			);
			runOnlyForDeploymentPostprocessing = 0;
		};
		CB665A562A6720FC00D9623D /* Resources */ = {
			isa = PBXResourcesBuildPhase;
			buildActionMask = 2147483647;
			files = (
			);
			runOnlyForDeploymentPostprocessing = 0;
		};
		CB665A602A6720FC00D9623D /* Resources */ = {
			isa = PBXResourcesBuildPhase;
			buildActionMask = 2147483647;
			files = (
			);
			runOnlyForDeploymentPostprocessing = 0;
		};
		CB74801A2A6723CA0025DEBE /* Resources */ = {
			isa = PBXResourcesBuildPhase;
			buildActionMask = 2147483647;
			files = (
				CB74802A2A6723CA0025DEBE /* Assets.xcassets in Resources */,
			);
			runOnlyForDeploymentPostprocessing = 0;
		};
/* End PBXResourcesBuildPhase section */

/* Begin PBXSourcesBuildPhase section */
		CB665A442A6720FB00D9623D /* Sources */ = {
			isa = PBXSourcesBuildPhase;
			buildActionMask = 2147483647;
			files = (
				CB74803D2A67B0A30025DEBE /* StockMetadata.swift in Sources */,
				CB665A4E2A6720FB00D9623D /* ContentView.swift in Sources */,
				CB665A4C2A6720FB00D9623D /* StocksWithWidgetApp.swift in Sources */,
				CB7480442A67B67E0025DEBE /* StockTimelineValuesData.swift in Sources */,
				CB7480412A67B6620025DEBE /* StockData.swift in Sources */,
				CB74803A2A672A140025DEBE /* Chart.swift in Sources */,
			);
			runOnlyForDeploymentPostprocessing = 0;
		};
		CB665A542A6720FC00D9623D /* Sources */ = {
			isa = PBXSourcesBuildPhase;
			buildActionMask = 2147483647;
			files = (
				CB665A5D2A6720FC00D9623D /* StocksWithWidgetTests.swift in Sources */,
			);
			runOnlyForDeploymentPostprocessing = 0;
		};
		CB665A5E2A6720FC00D9623D /* Sources */ = {
			isa = PBXSourcesBuildPhase;
			buildActionMask = 2147483647;
			files = (
				CB665A672A6720FC00D9623D /* StocksWithWidgetUITests.swift in Sources */,
				CB665A692A6720FC00D9623D /* StocksWithWidgetUITestsLaunchTests.swift in Sources */,
			);
			runOnlyForDeploymentPostprocessing = 0;
		};
		CB7480182A6723CA0025DEBE /* Sources */ = {
			isa = PBXSourcesBuildPhase;
			buildActionMask = 2147483647;
			files = (
				CB74803E2A67B0A30025DEBE /* StockMetadata.swift in Sources */,
				CB7480262A6723CA0025DEBE /* StocksWidget.swift in Sources */,
				CB74803B2A672A140025DEBE /* Chart.swift in Sources */,
				CB7480452A67B67E0025DEBE /* StockTimelineValuesData.swift in Sources */,
				CB7480242A6723CA0025DEBE /* StocksWidgetBundle.swift in Sources */,
				CB7480362A67265F0025DEBE /* TimelineEntry.swift in Sources */,
				CB7480282A6723CA0025DEBE /* AppIntent.swift in Sources */,
				CB7480342A6725D00025DEBE /* TimelineProvider.swift in Sources */,
				CB7480382A6726850025DEBE /* StockWidgetView.swift in Sources */,
				CB7480422A67B6620025DEBE /* StockData.swift in Sources */,
			);
			runOnlyForDeploymentPostprocessing = 0;
		};
/* End PBXSourcesBuildPhase section */

/* Begin PBXTargetDependency section */
		CB665A5A2A6720FC00D9623D /* PBXTargetDependency */ = {
			isa = PBXTargetDependency;
			target = CB665A472A6720FB00D9623D /* StocksWithWidget */;
			targetProxy = CB665A592A6720FC00D9623D /* PBXContainerItemProxy */;
		};
		CB665A642A6720FC00D9623D /* PBXTargetDependency */ = {
			isa = PBXTargetDependency;
			target = CB665A472A6720FB00D9623D /* StocksWithWidget */;
			targetProxy = CB665A632A6720FC00D9623D /* PBXContainerItemProxy */;
		};
		CB74802D2A6723CA0025DEBE /* PBXTargetDependency */ = {
			isa = PBXTargetDependency;
			target = CB74801B2A6723CA0025DEBE /* StocksWidgetExtension */;
			targetProxy = CB74802C2A6723CA0025DEBE /* PBXContainerItemProxy */;
		};
/* End PBXTargetDependency section */

/* Begin XCBuildConfiguration section */
		CB665A6A2A6720FC00D9623D /* Debug */ = {
			isa = XCBuildConfiguration;
			buildSettings = {
				ALWAYS_SEARCH_USER_PATHS = NO;
				ASSETCATALOG_COMPILER_GENERATE_SWIFT_ASSET_SYMBOL_EXTENSIONS = YES;
				CLANG_ANALYZER_NONNULL = YES;
				CLANG_ANALYZER_NUMBER_OBJECT_CONVERSION = YES_AGGRESSIVE;
				CLANG_CXX_LANGUAGE_STANDARD = "gnu++20";
				CLANG_ENABLE_MODULES = YES;
				CLANG_ENABLE_OBJC_ARC = YES;
				CLANG_ENABLE_OBJC_WEAK = YES;
				CLANG_WARN_BLOCK_CAPTURE_AUTORELEASING = YES;
				CLANG_WARN_BOOL_CONVERSION = YES;
				CLANG_WARN_COMMA = YES;
				CLANG_WARN_CONSTANT_CONVERSION = YES;
				CLANG_WARN_DEPRECATED_OBJC_IMPLEMENTATIONS = YES;
				CLANG_WARN_DIRECT_OBJC_ISA_USAGE = YES_ERROR;
				CLANG_WARN_DOCUMENTATION_COMMENTS = YES;
				CLANG_WARN_EMPTY_BODY = YES;
				CLANG_WARN_ENUM_CONVERSION = YES;
				CLANG_WARN_INFINITE_RECURSION = YES;
				CLANG_WARN_INT_CONVERSION = YES;
				CLANG_WARN_NON_LITERAL_NULL_CONVERSION = YES;
				CLANG_WARN_OBJC_IMPLICIT_RETAIN_SELF = YES;
				CLANG_WARN_OBJC_LITERAL_CONVERSION = YES;
				CLANG_WARN_OBJC_ROOT_CLASS = YES_ERROR;
				CLANG_WARN_QUOTED_INCLUDE_IN_FRAMEWORK_HEADER = YES;
				CLANG_WARN_RANGE_LOOP_ANALYSIS = YES;
				CLANG_WARN_STRICT_PROTOTYPES = YES;
				CLANG_WARN_SUSPICIOUS_MOVE = YES;
				CLANG_WARN_UNGUARDED_AVAILABILITY = YES_AGGRESSIVE;
				CLANG_WARN_UNREACHABLE_CODE = YES;
				CLANG_WARN__DUPLICATE_METHOD_MATCH = YES;
				COPY_PHASE_STRIP = NO;
				DEBUG_INFORMATION_FORMAT = dwarf;
				ENABLE_STRICT_OBJC_MSGSEND = YES;
				ENABLE_TESTABILITY = YES;
				ENABLE_USER_SCRIPT_SANDBOXING = YES;
				GCC_C_LANGUAGE_STANDARD = gnu17;
				GCC_DYNAMIC_NO_PIC = NO;
				GCC_NO_COMMON_BLOCKS = YES;
				GCC_OPTIMIZATION_LEVEL = 0;
				GCC_PREPROCESSOR_DEFINITIONS = (
					"DEBUG=1",
					"$(inherited)",
				);
				GCC_WARN_64_TO_32_BIT_CONVERSION = YES;
				GCC_WARN_ABOUT_RETURN_TYPE = YES_ERROR;
				GCC_WARN_UNDECLARED_SELECTOR = YES;
				GCC_WARN_UNINITIALIZED_AUTOS = YES_AGGRESSIVE;
				GCC_WARN_UNUSED_FUNCTION = YES;
				GCC_WARN_UNUSED_VARIABLE = YES;
				IPHONEOS_DEPLOYMENT_TARGET = 17.0;
				LOCALIZATION_PREFERS_STRING_CATALOGS = YES;
				MTL_ENABLE_DEBUG_INFO = INCLUDE_SOURCE;
				MTL_FAST_MATH = YES;
				ONLY_ACTIVE_ARCH = YES;
				SDKROOT = iphoneos;
				SWIFT_ACTIVE_COMPILATION_CONDITIONS = "DEBUG $(inherited)";
				SWIFT_OPTIMIZATION_LEVEL = "-Onone";
			};
			name = Debug;
		};
		CB665A6B2A6720FC00D9623D /* Release */ = {
			isa = XCBuildConfiguration;
			buildSettings = {
				ALWAYS_SEARCH_USER_PATHS = NO;
				ASSETCATALOG_COMPILER_GENERATE_SWIFT_ASSET_SYMBOL_EXTENSIONS = YES;
				CLANG_ANALYZER_NONNULL = YES;
				CLANG_ANALYZER_NUMBER_OBJECT_CONVERSION = YES_AGGRESSIVE;
				CLANG_CXX_LANGUAGE_STANDARD = "gnu++20";
				CLANG_ENABLE_MODULES = YES;
				CLANG_ENABLE_OBJC_ARC = YES;
				CLANG_ENABLE_OBJC_WEAK = YES;
				CLANG_WARN_BLOCK_CAPTURE_AUTORELEASING = YES;
				CLANG_WARN_BOOL_CONVERSION = YES;
				CLANG_WARN_COMMA = YES;
				CLANG_WARN_CONSTANT_CONVERSION = YES;
				CLANG_WARN_DEPRECATED_OBJC_IMPLEMENTATIONS = YES;
				CLANG_WARN_DIRECT_OBJC_ISA_USAGE = YES_ERROR;
				CLANG_WARN_DOCUMENTATION_COMMENTS = YES;
				CLANG_WARN_EMPTY_BODY = YES;
				CLANG_WARN_ENUM_CONVERSION = YES;
				CLANG_WARN_INFINITE_RECURSION = YES;
				CLANG_WARN_INT_CONVERSION = YES;
				CLANG_WARN_NON_LITERAL_NULL_CONVERSION = YES;
				CLANG_WARN_OBJC_IMPLICIT_RETAIN_SELF = YES;
				CLANG_WARN_OBJC_LITERAL_CONVERSION = YES;
				CLANG_WARN_OBJC_ROOT_CLASS = YES_ERROR;
				CLANG_WARN_QUOTED_INCLUDE_IN_FRAMEWORK_HEADER = YES;
				CLANG_WARN_RANGE_LOOP_ANALYSIS = YES;
				CLANG_WARN_STRICT_PROTOTYPES = YES;
				CLANG_WARN_SUSPICIOUS_MOVE = YES;
				CLANG_WARN_UNGUARDED_AVAILABILITY = YES_AGGRESSIVE;
				CLANG_WARN_UNREACHABLE_CODE = YES;
				CLANG_WARN__DUPLICATE_METHOD_MATCH = YES;
				COPY_PHASE_STRIP = NO;
				DEBUG_INFORMATION_FORMAT = "dwarf-with-dsym";
				ENABLE_NS_ASSERTIONS = NO;
				ENABLE_STRICT_OBJC_MSGSEND = YES;
				ENABLE_USER_SCRIPT_SANDBOXING = YES;
				GCC_C_LANGUAGE_STANDARD = gnu17;
				GCC_NO_COMMON_BLOCKS = YES;
				GCC_WARN_64_TO_32_BIT_CONVERSION = YES;
				GCC_WARN_ABOUT_RETURN_TYPE = YES_ERROR;
				GCC_WARN_UNDECLARED_SELECTOR = YES;
				GCC_WARN_UNINITIALIZED_AUTOS = YES_AGGRESSIVE;
				GCC_WARN_UNUSED_FUNCTION = YES;
				GCC_WARN_UNUSED_VARIABLE = YES;
				IPHONEOS_DEPLOYMENT_TARGET = 17.0;
				LOCALIZATION_PREFERS_STRING_CATALOGS = YES;
				MTL_ENABLE_DEBUG_INFO = NO;
				MTL_FAST_MATH = YES;
				SDKROOT = iphoneos;
				SWIFT_COMPILATION_MODE = wholemodule;
				VALIDATE_PRODUCT = YES;
			};
			name = Release;
		};
		CB665A6D2A6720FC00D9623D /* Debug */ = {
			isa = XCBuildConfiguration;
			buildSettings = {
				ALWAYS_EMBED_SWIFT_STANDARD_LIBRARIES = YES;
				ASSETCATALOG_COMPILER_APPICON_NAME = AppIcon;
				ASSETCATALOG_COMPILER_GLOBAL_ACCENT_COLOR_NAME = AccentColor;
				CODE_SIGN_STYLE = Automatic;
				CURRENT_PROJECT_VERSION = 1;
				DEVELOPMENT_ASSET_PATHS = "\"StocksWithWidget/Preview Content\"";
				DEVELOPMENT_TEAM = 6AABQB8S42;
				ENABLE_PREVIEWS = YES;
				GENERATE_INFOPLIST_FILE = YES;
				INFOPLIST_KEY_UIApplicationSceneManifest_Generation = YES;
				INFOPLIST_KEY_UIApplicationSupportsIndirectInputEvents = YES;
				INFOPLIST_KEY_UILaunchScreen_Generation = YES;
				INFOPLIST_KEY_UISupportedInterfaceOrientations_iPad = "UIInterfaceOrientationPortrait UIInterfaceOrientationPortraitUpsideDown UIInterfaceOrientationLandscapeLeft UIInterfaceOrientationLandscapeRight";
				INFOPLIST_KEY_UISupportedInterfaceOrientations_iPhone = "UIInterfaceOrientationPortrait UIInterfaceOrientationLandscapeLeft UIInterfaceOrientationLandscapeRight";
				LD_RUNPATH_SEARCH_PATHS = (
					"$(inherited)",
					"@executable_path/Frameworks",
				);
				MARKETING_VERSION = 1.0;
				PRODUCT_BUNDLE_IDENTIFIER = com.evgenylevin.StocksWithWidget;
				PRODUCT_NAME = "$(TARGET_NAME)";
				SWIFT_EMIT_LOC_STRINGS = YES;
				SWIFT_VERSION = 5.0;
				TARGETED_DEVICE_FAMILY = "1,2";
			};
			name = Debug;
		};
		CB665A6E2A6720FC00D9623D /* Release */ = {
			isa = XCBuildConfiguration;
			buildSettings = {
				ALWAYS_EMBED_SWIFT_STANDARD_LIBRARIES = YES;
				ASSETCATALOG_COMPILER_APPICON_NAME = AppIcon;
				ASSETCATALOG_COMPILER_GLOBAL_ACCENT_COLOR_NAME = AccentColor;
				CODE_SIGN_STYLE = Automatic;
				CURRENT_PROJECT_VERSION = 1;
				DEVELOPMENT_ASSET_PATHS = "\"StocksWithWidget/Preview Content\"";
				DEVELOPMENT_TEAM = 6AABQB8S42;
				ENABLE_PREVIEWS = YES;
				GENERATE_INFOPLIST_FILE = YES;
				INFOPLIST_KEY_UIApplicationSceneManifest_Generation = YES;
				INFOPLIST_KEY_UIApplicationSupportsIndirectInputEvents = YES;
				INFOPLIST_KEY_UILaunchScreen_Generation = YES;
				INFOPLIST_KEY_UISupportedInterfaceOrientations_iPad = "UIInterfaceOrientationPortrait UIInterfaceOrientationPortraitUpsideDown UIInterfaceOrientationLandscapeLeft UIInterfaceOrientationLandscapeRight";
				INFOPLIST_KEY_UISupportedInterfaceOrientations_iPhone = "UIInterfaceOrientationPortrait UIInterfaceOrientationLandscapeLeft UIInterfaceOrientationLandscapeRight";
				LD_RUNPATH_SEARCH_PATHS = (
					"$(inherited)",
					"@executable_path/Frameworks",
				);
				MARKETING_VERSION = 1.0;
				PRODUCT_BUNDLE_IDENTIFIER = com.evgenylevin.StocksWithWidget;
				PRODUCT_NAME = "$(TARGET_NAME)";
				SWIFT_EMIT_LOC_STRINGS = YES;
				SWIFT_VERSION = 5.0;
				TARGETED_DEVICE_FAMILY = "1,2";
			};
			name = Release;
		};
		CB665A702A6720FC00D9623D /* Debug */ = {
			isa = XCBuildConfiguration;
			buildSettings = {
				ALWAYS_EMBED_SWIFT_STANDARD_LIBRARIES = YES;
				BUNDLE_LOADER = "$(TEST_HOST)";
				CODE_SIGN_STYLE = Automatic;
				CURRENT_PROJECT_VERSION = 1;
				DEVELOPMENT_TEAM = 6AABQB8S42;
				GENERATE_INFOPLIST_FILE = YES;
				IPHONEOS_DEPLOYMENT_TARGET = 17.0;
				MARKETING_VERSION = 1.0;
				PRODUCT_BUNDLE_IDENTIFIER = com.evgenylevin.StocksWithWidgetTests;
				PRODUCT_NAME = "$(TARGET_NAME)";
				SWIFT_EMIT_LOC_STRINGS = NO;
				SWIFT_VERSION = 5.0;
				TARGETED_DEVICE_FAMILY = "1,2";
				TEST_HOST = "$(BUILT_PRODUCTS_DIR)/StocksWithWidget.app/$(BUNDLE_EXECUTABLE_FOLDER_PATH)/StocksWithWidget";
			};
			name = Debug;
		};
		CB665A712A6720FC00D9623D /* Release */ = {
			isa = XCBuildConfiguration;
			buildSettings = {
				ALWAYS_EMBED_SWIFT_STANDARD_LIBRARIES = YES;
				BUNDLE_LOADER = "$(TEST_HOST)";
				CODE_SIGN_STYLE = Automatic;
				CURRENT_PROJECT_VERSION = 1;
				DEVELOPMENT_TEAM = 6AABQB8S42;
				GENERATE_INFOPLIST_FILE = YES;
				IPHONEOS_DEPLOYMENT_TARGET = 17.0;
				MARKETING_VERSION = 1.0;
				PRODUCT_BUNDLE_IDENTIFIER = com.evgenylevin.StocksWithWidgetTests;
				PRODUCT_NAME = "$(TARGET_NAME)";
				SWIFT_EMIT_LOC_STRINGS = NO;
				SWIFT_VERSION = 5.0;
				TARGETED_DEVICE_FAMILY = "1,2";
				TEST_HOST = "$(BUILT_PRODUCTS_DIR)/StocksWithWidget.app/$(BUNDLE_EXECUTABLE_FOLDER_PATH)/StocksWithWidget";
			};
			name = Release;
		};
		CB665A732A6720FC00D9623D /* Debug */ = {
			isa = XCBuildConfiguration;
			buildSettings = {
				ALWAYS_EMBED_SWIFT_STANDARD_LIBRARIES = YES;
				CODE_SIGN_STYLE = Automatic;
				CURRENT_PROJECT_VERSION = 1;
				DEVELOPMENT_TEAM = 6AABQB8S42;
				GENERATE_INFOPLIST_FILE = YES;
				MARKETING_VERSION = 1.0;
				PRODUCT_BUNDLE_IDENTIFIER = com.evgenylevin.StocksWithWidgetUITests;
				PRODUCT_NAME = "$(TARGET_NAME)";
				SWIFT_EMIT_LOC_STRINGS = NO;
				SWIFT_VERSION = 5.0;
				TARGETED_DEVICE_FAMILY = "1,2";
				TEST_TARGET_NAME = StocksWithWidget;
			};
			name = Debug;
		};
		CB665A742A6720FC00D9623D /* Release */ = {
			isa = XCBuildConfiguration;
			buildSettings = {
				ALWAYS_EMBED_SWIFT_STANDARD_LIBRARIES = YES;
				CODE_SIGN_STYLE = Automatic;
				CURRENT_PROJECT_VERSION = 1;
				DEVELOPMENT_TEAM = 6AABQB8S42;
				GENERATE_INFOPLIST_FILE = YES;
				MARKETING_VERSION = 1.0;
				PRODUCT_BUNDLE_IDENTIFIER = com.evgenylevin.StocksWithWidgetUITests;
				PRODUCT_NAME = "$(TARGET_NAME)";
				SWIFT_EMIT_LOC_STRINGS = NO;
				SWIFT_VERSION = 5.0;
				TARGETED_DEVICE_FAMILY = "1,2";
				TEST_TARGET_NAME = StocksWithWidget;
			};
			name = Release;
		};
		CB7480302A6723CA0025DEBE /* Debug */ = {
			isa = XCBuildConfiguration;
			buildSettings = {
				ASSETCATALOG_COMPILER_GLOBAL_ACCENT_COLOR_NAME = AccentColor;
				ASSETCATALOG_COMPILER_WIDGET_BACKGROUND_COLOR_NAME = WidgetBackground;
				CODE_SIGN_STYLE = Automatic;
				CURRENT_PROJECT_VERSION = 1;
				DEVELOPMENT_TEAM = 6AABQB8S42;
				GENERATE_INFOPLIST_FILE = YES;
				INFOPLIST_FILE = StocksWidget/Info.plist;
				INFOPLIST_KEY_CFBundleDisplayName = StocksWidget;
				INFOPLIST_KEY_NSHumanReadableCopyright = "";
				LD_RUNPATH_SEARCH_PATHS = (
					"$(inherited)",
					"@executable_path/Frameworks",
					"@executable_path/../../Frameworks",
				);
				MARKETING_VERSION = 1.0;
				PRODUCT_BUNDLE_IDENTIFIER = com.evgenylevin.StocksWithWidget.StocksWidget;
				PRODUCT_NAME = "$(TARGET_NAME)";
				SKIP_INSTALL = YES;
				SWIFT_EMIT_LOC_STRINGS = YES;
				SWIFT_VERSION = 5.0;
				TARGETED_DEVICE_FAMILY = "1,2";
			};
			name = Debug;
		};
		CB7480312A6723CA0025DEBE /* Release */ = {
			isa = XCBuildConfiguration;
			buildSettings = {
				ASSETCATALOG_COMPILER_GLOBAL_ACCENT_COLOR_NAME = AccentColor;
				ASSETCATALOG_COMPILER_WIDGET_BACKGROUND_COLOR_NAME = WidgetBackground;
				CODE_SIGN_STYLE = Automatic;
				CURRENT_PROJECT_VERSION = 1;
				DEVELOPMENT_TEAM = 6AABQB8S42;
				GENERATE_INFOPLIST_FILE = YES;
				INFOPLIST_FILE = StocksWidget/Info.plist;
				INFOPLIST_KEY_CFBundleDisplayName = StocksWidget;
				INFOPLIST_KEY_NSHumanReadableCopyright = "";
				LD_RUNPATH_SEARCH_PATHS = (
					"$(inherited)",
					"@executable_path/Frameworks",
					"@executable_path/../../Frameworks",
				);
				MARKETING_VERSION = 1.0;
				PRODUCT_BUNDLE_IDENTIFIER = com.evgenylevin.StocksWithWidget.StocksWidget;
				PRODUCT_NAME = "$(TARGET_NAME)";
				SKIP_INSTALL = YES;
				SWIFT_EMIT_LOC_STRINGS = YES;
				SWIFT_VERSION = 5.0;
				TARGETED_DEVICE_FAMILY = "1,2";
			};
			name = Release;
		};
/* End XCBuildConfiguration section */

/* Begin XCConfigurationList section */
		CB665A432A6720FB00D9623D /* Build configuration list for PBXProject "StocksWithWidget" */ = {
			isa = XCConfigurationList;
			buildConfigurations = (
				CB665A6A2A6720FC00D9623D /* Debug */,
				CB665A6B2A6720FC00D9623D /* Release */,
			);
			defaultConfigurationIsVisible = 0;
			defaultConfigurationName = Release;
		};
		CB665A6C2A6720FC00D9623D /* Build configuration list for PBXNativeTarget "StocksWithWidget" */ = {
			isa = XCConfigurationList;
			buildConfigurations = (
				CB665A6D2A6720FC00D9623D /* Debug */,
				CB665A6E2A6720FC00D9623D /* Release */,
			);
			defaultConfigurationIsVisible = 0;
			defaultConfigurationName = Release;
		};
		CB665A6F2A6720FC00D9623D /* Build configuration list for PBXNativeTarget "StocksWithWidgetTests" */ = {
			isa = XCConfigurationList;
			buildConfigurations = (
				CB665A702A6720FC00D9623D /* Debug */,
				CB665A712A6720FC00D9623D /* Release */,
			);
			defaultConfigurationIsVisible = 0;
			defaultConfigurationName = Release;
		};
		CB665A722A6720FC00D9623D /* Build configuration list for PBXNativeTarget "StocksWithWidgetUITests" */ = {
			isa = XCConfigurationList;
			buildConfigurations = (
				CB665A732A6720FC00D9623D /* Debug */,
				CB665A742A6720FC00D9623D /* Release */,
			);
			defaultConfigurationIsVisible = 0;
			defaultConfigurationName = Release;
		};
		CB7480322A6723CA0025DEBE /* Build configuration list for PBXNativeTarget "StocksWidgetExtension" */ = {
			isa = XCConfigurationList;
			buildConfigurations = (
				CB7480302A6723CA0025DEBE /* Debug */,
				CB7480312A6723CA0025DEBE /* Release */,
			);
			defaultConfigurationIsVisible = 0;
			defaultConfigurationName = Release;
		};
/* End XCConfigurationList section */
	};
	rootObject = CB665A402A6720FB00D9623D /* Project object */;
}
